
Microsoft Visual Studio Solution File, Format Version 12.00
# Visual Studio Version 17
VisualStudioVersion = 17.0.31903.59
MinimumVisualStudioVersion = 10.0.40219.1
Project("{FAE04EC0-301F-11D3-BF4B-00C04F79EFBC}") = "itapoker.Core", "itapoker.Core\itapoker.Core.csproj", "{DDE1C767-BB19-4B07-B822-08063C398AFE}"
EndProject
Project("{FAE04EC0-301F-11D3-BF4B-00C04F79EFBC}") = "itapoker.Core.Tests", "itapoker.Core.Tests\itapoker.Core.Tests.csproj", "{055D21BD-F76D-4A01-8351-1369AD379C81}"
EndProject
Project("{FAE04EC0-301F-11D3-BF4B-00C04F79EFBC}") = "itapoker.WebApi", "itapoker.WebApi\itapoker.WebApi.csproj", "{2E8EF711-43BE-4805-A325-0D82ABC89AA1}"
EndProject
Project("{FAE04EC0-301F-11D3-BF4B-00C04F79EFBC}") = "itapoker.SDK", "itapoker.SDK\itapoker.SDK.csproj", "{1BA6A00B-5326-461D-B125-86F483038777}"
EndProject
Project("{FAE04EC0-301F-11D3-BF4B-00C04F79EFBC}") = "itapoker.Shared", "itapoker.Shared\itapoker.Shared.csproj", "{E4C6C489-DB05-4E94-A291-2B69E8E9CC90}"
EndProject
Project("{FAE04EC0-301F-11D3-BF4B-00C04F79EFBC}") = "itapoker.SDK.Tests", "itapoker.SDK.Tests\itapoker.SDK.Tests.csproj", "{2A7C51C6-1EB1-45E1-857A-46D9487C4DCF}"
EndProject
Global
	GlobalSection(SolutionConfigurationPlatforms) = preSolution
		Debug|Any CPU = Debug|Any CPU
		Debug|x64 = Debug|x64
		Debug|x86 = Debug|x86
		Release|Any CPU = Release|Any CPU
		Release|x64 = Release|x64
		Release|x86 = Release|x86
	EndGlobalSection
	GlobalSection(ProjectConfigurationPlatforms) = postSolution
		{DDE1C767-BB19-4B07-B822-08063C398AFE}.Debug|Any CPU.ActiveCfg = Debug|Any CPU
		{DDE1C767-BB19-4B07-B822-08063C398AFE}.Debug|Any CPU.Build.0 = Debug|Any CPU
		{DDE1C767-BB19-4B07-B822-08063C398AFE}.Debug|x64.ActiveCfg = Debug|Any CPU
		{DDE1C767-BB19-4B07-B822-08063C398AFE}.Debug|x64.Build.0 = Debug|Any CPU
		{DDE1C767-BB19-4B07-B822-08063C398AFE}.Debug|x86.ActiveCfg = Debug|Any CPU
		{DDE1C767-BB19-4B07-B822-08063C398AFE}.Debug|x86.Build.0 = Debug|Any CPU
		{DDE1C767-BB19-4B07-B822-08063C398AFE}.Release|Any CPU.ActiveCfg = Release|Any CPU
		{DDE1C767-BB19-4B07-B822-08063C398AFE}.Release|Any CPU.Build.0 = Release|Any CPU
		{DDE1C767-BB19-4B07-B822-08063C398AFE}.Release|x64.ActiveCfg = Release|Any CPU
		{DDE1C767-BB19-4B07-B822-08063C398AFE}.Release|x64.Build.0 = Release|Any CPU
		{DDE1C767-BB19-4B07-B822-08063C398AFE}.Release|x86.ActiveCfg = Release|Any CPU
		{DDE1C767-BB19-4B07-B822-08063C398AFE}.Release|x86.Build.0 = Release|Any CPU
		{055D21BD-F76D-4A01-8351-1369AD379C81}.Debug|Any CPU.ActiveCfg = Debug|Any CPU
		{055D21BD-F76D-4A01-8351-1369AD379C81}.Debug|Any CPU.Build.0 = Debug|Any CPU
		{055D21BD-F76D-4A01-8351-1369AD379C81}.Debug|x64.ActiveCfg = Debug|Any CPU
		{055D21BD-F76D-4A01-8351-1369AD379C81}.Debug|x64.Build.0 = Debug|Any CPU
		{055D21BD-F76D-4A01-8351-1369AD379C81}.Debug|x86.ActiveCfg = Debug|Any CPU
		{055D21BD-F76D-4A01-8351-1369AD379C81}.Debug|x86.Build.0 = Debug|Any CPU
		{055D21BD-F76D-4A01-8351-1369AD379C81}.Release|Any CPU.ActiveCfg = Release|Any CPU
		{055D21BD-F76D-4A01-8351-1369AD379C81}.Release|Any CPU.Build.0 = Release|Any CPU
		{055D21BD-F76D-4A01-8351-1369AD379C81}.Release|x64.ActiveCfg = Release|Any CPU
		{055D21BD-F76D-4A01-8351-1369AD379C81}.Release|x64.Build.0 = Release|Any CPU
		{055D21BD-F76D-4A01-8351-1369AD379C81}.Release|x86.ActiveCfg = Release|Any CPU
		{055D21BD-F76D-4A01-8351-1369AD379C81}.Release|x86.Build.0 = Release|Any CPU
		{2E8EF711-43BE-4805-A325-0D82ABC89AA1}.Debug|Any CPU.ActiveCfg = Debug|Any CPU
		{2E8EF711-43BE-4805-A325-0D82ABC89AA1}.Debug|Any CPU.Build.0 = Debug|Any CPU
		{2E8EF711-43BE-4805-A325-0D82ABC89AA1}.Debug|x64.ActiveCfg = Debug|Any CPU
		{2E8EF711-43BE-4805-A325-0D82ABC89AA1}.Debug|x64.Build.0 = Debug|Any CPU
		{2E8EF711-43BE-4805-A325-0D82ABC89AA1}.Debug|x86.ActiveCfg = Debug|Any CPU
		{2E8EF711-43BE-4805-A325-0D82ABC89AA1}.Debug|x86.Build.0 = Debug|Any CPU
		{2E8EF711-43BE-4805-A325-0D82ABC89AA1}.Release|Any CPU.ActiveCfg = Release|Any CPU
		{2E8EF711-43BE-4805-A325-0D82ABC89AA1}.Release|Any CPU.Build.0 = Release|Any CPU
		{2E8EF711-43BE-4805-A325-0D82ABC89AA1}.Release|x64.ActiveCfg = Release|Any CPU
		{2E8EF711-43BE-4805-A325-0D82ABC89AA1}.Release|x64.Build.0 = Release|Any CPU
		{2E8EF711-43BE-4805-A325-0D82ABC89AA1}.Release|x86.ActiveCfg = Release|Any CPU
		{2E8EF711-43BE-4805-A325-0D82ABC89AA1}.Release|x86.Build.0 = Release|Any CPU
		{1BA6A00B-5326-461D-B125-86F483038777}.Debug|Any CPU.ActiveCfg = Debug|Any CPU
		{1BA6A00B-5326-461D-B125-86F483038777}.Debug|Any CPU.Build.0 = Debug|Any CPU
		{1BA6A00B-5326-461D-B125-86F483038777}.Debug|x64.ActiveCfg = Debug|Any CPU
		{1BA6A00B-5326-461D-B125-86F483038777}.Debug|x64.Build.0 = Debug|Any CPU
		{1BA6A00B-5326-461D-B125-86F483038777}.Debug|x86.ActiveCfg = Debug|Any CPU
		{1BA6A00B-5326-461D-B125-86F483038777}.Debug|x86.Build.0 = Debug|Any CPU
		{1BA6A00B-5326-461D-B125-86F483038777}.Release|Any CPU.ActiveCfg = Release|Any CPU
		{1BA6A00B-5326-461D-B125-86F483038777}.Release|Any CPU.Build.0 = Release|Any CPU
		{1BA6A00B-5326-461D-B125-86F483038777}.Release|x64.ActiveCfg = Release|Any CPU
		{1BA6A00B-5326-461D-B125-86F483038777}.Release|x64.Build.0 = Release|Any CPU
		{1BA6A00B-5326-461D-B125-86F483038777}.Release|x86.ActiveCfg = Release|Any CPU
		{1BA6A00B-5326-461D-B125-86F483038777}.Release|x86.Build.0 = Release|Any CPU
		{E4C6C489-DB05-4E94-A291-2B69E8E9CC90}.Debug|Any CPU.ActiveCfg = Debug|Any CPU
		{E4C6C489-DB05-4E94-A291-2B69E8E9CC90}.Debug|Any CPU.Build.0 = Debug|Any CPU
		{E4C6C489-DB05-4E94-A291-2B69E8E9CC90}.Debug|x64.ActiveCfg = Debug|Any CPU
		{E4C6C489-DB05-4E94-A291-2B69E8E9CC90}.Debug|x64.Build.0 = Debug|Any CPU
		{E4C6C489-DB05-4E94-A291-2B69E8E9CC90}.Debug|x86.ActiveCfg = Debug|Any CPU
		{E4C6C489-DB05-4E94-A291-2B69E8E9CC90}.Debug|x86.Build.0 = Debug|Any CPU
		{E4C6C489-DB05-4E94-A291-2B69E8E9CC90}.Release|Any CPU.ActiveCfg = Release|Any CPU
		{E4C6C489-DB05-4E94-A291-2B69E8E9CC90}.Release|Any CPU.Build.0 = Release|Any CPU
		{E4C6C489-DB05-4E94-A291-2B69E8E9CC90}.Release|x64.ActiveCfg = Release|Any CPU
		{E4C6C489-DB05-4E94-A291-2B69E8E9CC90}.Release|x64.Build.0 = Release|Any CPU
		{E4C6C489-DB05-4E94-A291-2B69E8E9CC90}.Release|x86.ActiveCfg = Release|Any CPU
		{E4C6C489-DB05-4E94-A291-2B69E8E9CC90}.Release|x86.Build.0 = Release|Any CPU
		{2A7C51C6-1EB1-45E1-857A-46D9487C4DCF}.Debug|Any CPU.ActiveCfg = Debug|Any CPU
		{2A7C51C6-1EB1-45E1-857A-46D9487C4DCF}.Debug|Any CPU.Build.0 = Debug|Any CPU
		{2A7C51C6-1EB1-45E1-857A-46D9487C4DCF}.Debug|x64.ActiveCfg = Debug|Any CPU
		{2A7C51C6-1EB1-45E1-857A-46D9487C4DCF}.Debug|x64.Build.0 = Debug|Any CPU
		{2A7C51C6-1EB1-45E1-857A-46D9487C4DCF}.Debug|x86.ActiveCfg = Debug|Any CPU
		{2A7C51C6-1EB1-45E1-857A-46D9487C4DCF}.Debug|x86.Build.0 = Debug|Any CPU
		{2A7C51C6-1EB1-45E1-857A-46D9487C4DCF}.Release|Any CPU.ActiveCfg = Release|Any CPU
		{2A7C51C6-1EB1-45E1-857A-46D9487C4DCF}.Release|Any CPU.Build.0 = Release|Any CPU
		{2A7C51C6-1EB1-45E1-857A-46D9487C4DCF}.Release|x64.ActiveCfg = Release|Any CPU
		{2A7C51C6-1EB1-45E1-857A-46D9487C4DCF}.Release|x64.Build.0 = Release|Any CPU
		{2A7C51C6-1EB1-45E1-857A-46D9487C4DCF}.Release|x86.ActiveCfg = Release|Any CPU
		{2A7C51C6-1EB1-45E1-857A-46D9487C4DCF}.Release|x86.Build.0 = Release|Any CPU
	EndGlobalSection
	GlobalSection(SolutionProperties) = preSolution
		HideSolutionNode = FALSE
	EndGlobalSection
EndGlobal
